{
  "name": "crontab",
  "version": "1.4.2",
  "lockfileVersion": 1,
  "requires": true,
  "dependencies": {
    "eyes": {
      "version": "0.1.8",
      "resolved": "https://registry.npmjs.org/eyes/-/eyes-0.1.8.tgz",
      "integrity": "sha1-Ys8SAjTGg3hdkCNIqADvPgzCC8A=",
      "dev": true
    },
    "underscore": {
      "version": "1.12.1",
      "resolved": "https://registry.npmjs.org/underscore/-/underscore-1.12.1.tgz",
      "integrity": "sha512-hEQt0+ZLDVUMhebKxL4x1BTtDY7bavVofhZ9KZ4aI26X9SRaE+Y3m83XUL1UP2jn8ynjndwCCpEHdUG+9pP1Tw=="
    },
    "vows": {
      "version": "0.7.0",
      "resolved": "https://registry.npmjs.org/vows/-/vows-0.7.0.tgz",
      "integrity": "sha1-3QBl8RC6DAptY+hEhRwyCBdtWGc=",
      "dev": true,
      "requires": {
        "diff": "~1.0.3",
        "eyes": ">=0.1.6"
      },
      "dependencies": {
        "diff": {
          "version": "1.0.8",
          "resolved": "https://registry.npmjs.org/diff/-/diff-1.0.8.tgz",
          "integrity": "sha1-NDJ2MI7Jkbe8giZ+1VvBQR+XFmY=",
          "dev": true
        }
      }
    }
  }
}
